
Microsoft Visual Studio Solution File, Format Version 12.00
# Visual Studio Version 17
VisualStudioVersion = 17.6.33815.320
MinimumVisualStudioVersion = 10.0.40219.1
Project("{FAE04EC0-301F-11D3-BF4B-00C04F79EFBC}") = "SP05 Semaphore", "SP05 Semaphore\SP05 Semaphore.csproj", "{83945DFA-9548-4EC4-9175-7E9C78A91352}"
EndProject
Global
	GlobalSection(SolutionConfigurationPlatforms) = preSolution
		Debug|Any CPU = Debug|Any CPU
		Release|Any CPU = Release|Any CPU
	EndGlobalSection
	GlobalSection(ProjectConfigurationPlatforms) = postSolution
		{83945DFA-9548-4EC4-9175-7E9C78A91352}.Debug|Any CPU.ActiveCfg = Debug|Any CPU
		{83945DFA-9548-4EC4-9175-7E9C78A91352}.Debug|Any CPU.Build.0 = Debug|Any CPU
		{83945DFA-9548-4EC4-9175-7E9C78A91352}.Release|Any CPU.ActiveCfg = Release|Any CPU
		{83945DFA-9548-4EC4-9175-7E9C78A91352}.Release|Any CPU.Build.0 = Release|Any CPU
	EndGlobalSection
	GlobalSection(SolutionProperties) = preSolution
		HideSolutionNode = FALSE
	EndGlobalSection
	GlobalSection(ExtensibilityGlobals) = postSolution
		SolutionGuid = {733D2B07-7C9C-4F74-BE86-6B436F2FB7F9}
	EndGlobalSection
EndGlobal
